
Microsoft Visual Studio Solution File, Format Version 12.00
# Visual Studio Version 16
VisualStudioVersion = 16.0.31515.178
MinimumVisualStudioVersion = 10.0.40219.1
Project("{FAE04EC0-301F-11D3-BF4B-00C04F79EFBC}") = "Task2", "Task2\Task2.csproj", "{4976C210-71EA-4B33-AF1F-C576718BC0DB}"
EndProject
Global
	GlobalSection(SolutionConfigurationPlatforms) = preSolution
		Debug|Any CPU = Debug|Any CPU
		Release|Any CPU = Release|Any CPU
	EndGlobalSection
	GlobalSection(ProjectConfigurationPlatforms) = postSolution
		{4976C210-71EA-4B33-AF1F-C576718BC0DB}.Debug|Any CPU.ActiveCfg = Debug|Any CPU
		{4976C210-71EA-4B33-AF1F-C576718BC0DB}.Debug|Any CPU.Build.0 = Debug|Any CPU
		{4976C210-71EA-4B33-AF1F-C576718BC0DB}.Release|Any CPU.ActiveCfg = Release|Any CPU
		{4976C210-71EA-4B33-AF1F-C576718BC0DB}.Release|Any CPU.Build.0 = Release|Any CPU
	EndGlobalSection
	GlobalSection(SolutionProperties) = preSolution
		HideSolutionNode = FALSE
	EndGlobalSection
	GlobalSection(ExtensibilityGlobals) = postSolution
		SolutionGuid = {72B5ABF3-F706-4B13-AB23-E5618A2E5FB9}
	EndGlobalSection
EndGlobal
