
Microsoft Visual Studio Solution File, Format Version 12.00
# Visual Studio Version 16
VisualStudioVersion = 16.0.31515.178
MinimumVisualStudioVersion = 10.0.40219.1
Project("{FAE04EC0-301F-11D3-BF4B-00C04F79EFBC}") = "Task3", "Task3\Task3.csproj", "{22DB8538-E733-431F-8A1E-94BCBC917A64}"
EndProject
Global
	GlobalSection(SolutionConfigurationPlatforms) = preSolution
		Debug|Any CPU = Debug|Any CPU
		Release|Any CPU = Release|Any CPU
	EndGlobalSection
	GlobalSection(ProjectConfigurationPlatforms) = postSolution
		{22DB8538-E733-431F-8A1E-94BCBC917A64}.Debug|Any CPU.ActiveCfg = Debug|Any CPU
		{22DB8538-E733-431F-8A1E-94BCBC917A64}.Debug|Any CPU.Build.0 = Debug|Any CPU
		{22DB8538-E733-431F-8A1E-94BCBC917A64}.Release|Any CPU.ActiveCfg = Release|Any CPU
		{22DB8538-E733-431F-8A1E-94BCBC917A64}.Release|Any CPU.Build.0 = Release|Any CPU
	EndGlobalSection
	GlobalSection(SolutionProperties) = preSolution
		HideSolutionNode = FALSE
	EndGlobalSection
	GlobalSection(ExtensibilityGlobals) = postSolution
		SolutionGuid = {00F28740-8F48-4281-BACB-313F1C738781}
	EndGlobalSection
EndGlobal
